
Microsoft Visual Studio Solution File, Format Version 12.00
# Visual Studio Version 16
VisualStudioVersion = 16.0.30413.136
MinimumVisualStudioVersion = 10.0.40219.1
Project("{9A19103F-16F7-4668-BE54-9A1E7A4F7556}") = "ConsoleBirthday", "ConsoleBirthday.csproj", "{D42809FC-E051-4E6F-B4DC-762712ADBE4D}"
EndProject
Global
	GlobalSection(SolutionConfigurationPlatforms) = preSolution
		Debug|Any CPU = Debug|Any CPU
		Release|Any CPU = Release|Any CPU
	EndGlobalSection
	GlobalSection(ProjectConfigurationPlatforms) = postSolution
		{D42809FC-E051-4E6F-B4DC-762712ADBE4D}.Debug|Any CPU.ActiveCfg = Debug|Any CPU
		{D42809FC-E051-4E6F-B4DC-762712ADBE4D}.Debug|Any CPU.Build.0 = Debug|Any CPU
		{D42809FC-E051-4E6F-B4DC-762712ADBE4D}.Release|Any CPU.ActiveCfg = Release|Any CPU
		{D42809FC-E051-4E6F-B4DC-762712ADBE4D}.Release|Any CPU.Build.0 = Release|Any CPU
	EndGlobalSection
	GlobalSection(SolutionProperties) = preSolution
		HideSolutionNode = FALSE
	EndGlobalSection
	GlobalSection(ExtensibilityGlobals) = postSolution
		SolutionGuid = {BF3C43A5-A66D-4C20-A114-7EDF5AC96BFE}
	EndGlobalSection
EndGlobal
